{
  "name": "telegram-movie-bot",
  "version": "1.0.0",
  "lockfileVersion": 2,
  "requires": true,
  "packages": {
    "": {
      "name": "telegram-movie-bot",
      "version": "1.0.0",
      "dependencies": {
        "express": "^4.18.2",
        "mongoose": "^8.0.3",
        "node-telegram-bot-api": "^0.65.0"
      }
    }
  }
}
